# Phase 8B controller-only runtime lock for CPython 3.12 on Linux x86_64.
# A later authorized build must install from an invocation-owned offline
# wheelhouse with --require-hashes and produce a separate build receipt.
cffi==2.1.0 \
    --hash=sha256:1e9f50d192a3e525b15a75ab5114e442d83d657b7ec29182a991bc9a88fd3a66
cryptography==49.0.0 \
    --hash=sha256:cbc77da8c523d5abd028635ba850a6966fcee2c82e2bf65a41d1d8afe0f98be9
pycparser==3.0 \
    --hash=sha256:b727414169a36b7d524c1c3e31839a521725078d7b2ff038656844266160a992
